
Microsoft Visual Studio Solution File, Format Version 12.00
# Visual Studio Version 17
VisualStudioVersion = 17.11.35327.3
MinimumVisualStudioVersion = 10.0.40219.1
Project("{FAE04EC0-301F-11D3-BF4B-00C04F79EFBC}") = "Lists", "Lists\Lists.csproj", "{D4503B98-8304-4054-ABB8-62A10F786B34}"
EndProject
Global
	GlobalSection(SolutionConfigurationPlatforms) = preSolution
		Debug|Any CPU = Debug|Any CPU
		Release|Any CPU = Release|Any CPU
	EndGlobalSection
	GlobalSection(ProjectConfigurationPlatforms) = postSolution
		{D4503B98-8304-4054-ABB8-62A10F786B34}.Debug|Any CPU.ActiveCfg = Debug|Any CPU
		{D4503B98-8304-4054-ABB8-62A10F786B34}.Debug|Any CPU.Build.0 = Debug|Any CPU
		{D4503B98-8304-4054-ABB8-62A10F786B34}.Release|Any CPU.ActiveCfg = Release|Any CPU
		{D4503B98-8304-4054-ABB8-62A10F786B34}.Release|Any CPU.Build.0 = Release|Any CPU
	EndGlobalSection
	GlobalSection(SolutionProperties) = preSolution
		HideSolutionNode = FALSE
	EndGlobalSection
	GlobalSection(ExtensibilityGlobals) = postSolution
		SolutionGuid = {F600F40A-F8DB-41C6-85D0-6FE92A3715B8}
	EndGlobalSection
EndGlobal
