
Microsoft Visual Studio Solution File, Format Version 12.00
# Visual Studio Version 17
VisualStudioVersion = 17.11.35327.3
MinimumVisualStudioVersion = 10.0.40219.1
Project("{FAE04EC0-301F-11D3-BF4B-00C04F79EFBC}") = "ExerciseStoringUserData", "ExerciseStoringUserData\ExerciseStoringUserData.csproj", "{FAE30F34-EF59-43D0-83F4-86803CAFD047}"
EndProject
Global
	GlobalSection(SolutionConfigurationPlatforms) = preSolution
		Debug|Any CPU = Debug|Any CPU
		Release|Any CPU = Release|Any CPU
	EndGlobalSection
	GlobalSection(ProjectConfigurationPlatforms) = postSolution
		{FAE30F34-EF59-43D0-83F4-86803CAFD047}.Debug|Any CPU.ActiveCfg = Debug|Any CPU
		{FAE30F34-EF59-43D0-83F4-86803CAFD047}.Debug|Any CPU.Build.0 = Debug|Any CPU
		{FAE30F34-EF59-43D0-83F4-86803CAFD047}.Release|Any CPU.ActiveCfg = Release|Any CPU
		{FAE30F34-EF59-43D0-83F4-86803CAFD047}.Release|Any CPU.Build.0 = Release|Any CPU
	EndGlobalSection
	GlobalSection(SolutionProperties) = preSolution
		HideSolutionNode = FALSE
	EndGlobalSection
	GlobalSection(ExtensibilityGlobals) = postSolution
		SolutionGuid = {ED8FEFA1-D8F4-40A5-B392-06ECF444DF42}
	EndGlobalSection
EndGlobal
