
Microsoft Visual Studio Solution File, Format Version 12.00
# Visual Studio Version 17
VisualStudioVersion = 17.11.35327.3
MinimumVisualStudioVersion = 10.0.40219.1
Project("{FAE04EC0-301F-11D3-BF4B-00C04F79EFBC}") = "BooleanDType", "BooleanDType\BooleanDType.csproj", "{289C6246-A9EF-4197-B3B0-DB45777E5FBC}"
EndProject
Global
	GlobalSection(SolutionConfigurationPlatforms) = preSolution
		Debug|Any CPU = Debug|Any CPU
		Release|Any CPU = Release|Any CPU
	EndGlobalSection
	GlobalSection(ProjectConfigurationPlatforms) = postSolution
		{289C6246-A9EF-4197-B3B0-DB45777E5FBC}.Debug|Any CPU.ActiveCfg = Debug|Any CPU
		{289C6246-A9EF-4197-B3B0-DB45777E5FBC}.Debug|Any CPU.Build.0 = Debug|Any CPU
		{289C6246-A9EF-4197-B3B0-DB45777E5FBC}.Release|Any CPU.ActiveCfg = Release|Any CPU
		{289C6246-A9EF-4197-B3B0-DB45777E5FBC}.Release|Any CPU.Build.0 = Release|Any CPU
	EndGlobalSection
	GlobalSection(SolutionProperties) = preSolution
		HideSolutionNode = FALSE
	EndGlobalSection
	GlobalSection(ExtensibilityGlobals) = postSolution
		SolutionGuid = {15BAD368-51C1-4C5B-A987-8F3FFA072EB3}
	EndGlobalSection
EndGlobal
