
Microsoft Visual Studio Solution File, Format Version 12.00
# Visual Studio Version 17
VisualStudioVersion = 17.11.35327.3
MinimumVisualStudioVersion = 10.0.40219.1
Project("{FAE04EC0-301F-11D3-BF4B-00C04F79EFBC}") = "ConsoleInputOutput", "ConsoleInputOutput\ConsoleInputOutput.csproj", "{45CA478E-11B6-40B1-B8EA-8D8395AF1E92}"
EndProject
Global
	GlobalSection(SolutionConfigurationPlatforms) = preSolution
		Debug|Any CPU = Debug|Any CPU
		Release|Any CPU = Release|Any CPU
	EndGlobalSection
	GlobalSection(ProjectConfigurationPlatforms) = postSolution
		{45CA478E-11B6-40B1-B8EA-8D8395AF1E92}.Debug|Any CPU.ActiveCfg = Debug|Any CPU
		{45CA478E-11B6-40B1-B8EA-8D8395AF1E92}.Debug|Any CPU.Build.0 = Debug|Any CPU
		{45CA478E-11B6-40B1-B8EA-8D8395AF1E92}.Release|Any CPU.ActiveCfg = Release|Any CPU
		{45CA478E-11B6-40B1-B8EA-8D8395AF1E92}.Release|Any CPU.Build.0 = Release|Any CPU
	EndGlobalSection
	GlobalSection(SolutionProperties) = preSolution
		HideSolutionNode = FALSE
	EndGlobalSection
	GlobalSection(ExtensibilityGlobals) = postSolution
		SolutionGuid = {D449E8A8-9521-4B1A-AD5B-E267A16855EE}
	EndGlobalSection
EndGlobal
