
Microsoft Visual Studio Solution File, Format Version 12.00
# Visual Studio Version 17
VisualStudioVersion = 17.11.35327.3
MinimumVisualStudioVersion = 10.0.40219.1
Project("{FAE04EC0-301F-11D3-BF4B-00C04F79EFBC}") = "Operators", "Operators\Operators.csproj", "{1685AFF4-238C-4989-AA65-17DBFB2C3616}"
EndProject
Global
	GlobalSection(SolutionConfigurationPlatforms) = preSolution
		Debug|Any CPU = Debug|Any CPU
		Release|Any CPU = Release|Any CPU
	EndGlobalSection
	GlobalSection(ProjectConfigurationPlatforms) = postSolution
		{1685AFF4-238C-4989-AA65-17DBFB2C3616}.Debug|Any CPU.ActiveCfg = Debug|Any CPU
		{1685AFF4-238C-4989-AA65-17DBFB2C3616}.Debug|Any CPU.Build.0 = Debug|Any CPU
		{1685AFF4-238C-4989-AA65-17DBFB2C3616}.Release|Any CPU.ActiveCfg = Release|Any CPU
		{1685AFF4-238C-4989-AA65-17DBFB2C3616}.Release|Any CPU.Build.0 = Release|Any CPU
	EndGlobalSection
	GlobalSection(SolutionProperties) = preSolution
		HideSolutionNode = FALSE
	EndGlobalSection
	GlobalSection(ExtensibilityGlobals) = postSolution
		SolutionGuid = {A559E07D-9DCC-43B4-B595-C9388E2E852F}
	EndGlobalSection
EndGlobal
