
Microsoft Visual Studio Solution File, Format Version 12.00
# Visual Studio Version 17
VisualStudioVersion = 17.11.35327.3
MinimumVisualStudioVersion = 10.0.40219.1
Project("{FAE04EC0-301F-11D3-BF4B-00C04F79EFBC}") = "NumericalFormatting", "NumericalFormatting\NumericalFormatting.csproj", "{EDF5C7FE-E496-474A-B852-FC225841245C}"
EndProject
Global
	GlobalSection(SolutionConfigurationPlatforms) = preSolution
		Debug|Any CPU = Debug|Any CPU
		Release|Any CPU = Release|Any CPU
	EndGlobalSection
	GlobalSection(ProjectConfigurationPlatforms) = postSolution
		{EDF5C7FE-E496-474A-B852-FC225841245C}.Debug|Any CPU.ActiveCfg = Debug|Any CPU
		{EDF5C7FE-E496-474A-B852-FC225841245C}.Debug|Any CPU.Build.0 = Debug|Any CPU
		{EDF5C7FE-E496-474A-B852-FC225841245C}.Release|Any CPU.ActiveCfg = Release|Any CPU
		{EDF5C7FE-E496-474A-B852-FC225841245C}.Release|Any CPU.Build.0 = Release|Any CPU
	EndGlobalSection
	GlobalSection(SolutionProperties) = preSolution
		HideSolutionNode = FALSE
	EndGlobalSection
	GlobalSection(ExtensibilityGlobals) = postSolution
		SolutionGuid = {C76D340F-5FFF-4B58-8387-E62776DD0B40}
	EndGlobalSection
EndGlobal
