
Microsoft Visual Studio Solution File, Format Version 12.00
# Visual Studio Version 17
VisualStudioVersion = 17.11.35327.3
MinimumVisualStudioVersion = 10.0.40219.1
Project("{FAE04EC0-301F-11D3-BF4B-00C04F79EFBC}") = "ReturnTypeFunction", "ReturnTypeFunction\ReturnTypeFunction.csproj", "{28C00103-78F3-4721-B125-51A49E35574B}"
EndProject
Global
	GlobalSection(SolutionConfigurationPlatforms) = preSolution
		Debug|Any CPU = Debug|Any CPU
		Release|Any CPU = Release|Any CPU
	EndGlobalSection
	GlobalSection(ProjectConfigurationPlatforms) = postSolution
		{28C00103-78F3-4721-B125-51A49E35574B}.Debug|Any CPU.ActiveCfg = Debug|Any CPU
		{28C00103-78F3-4721-B125-51A49E35574B}.Debug|Any CPU.Build.0 = Debug|Any CPU
		{28C00103-78F3-4721-B125-51A49E35574B}.Release|Any CPU.ActiveCfg = Release|Any CPU
		{28C00103-78F3-4721-B125-51A49E35574B}.Release|Any CPU.Build.0 = Release|Any CPU
	EndGlobalSection
	GlobalSection(SolutionProperties) = preSolution
		HideSolutionNode = FALSE
	EndGlobalSection
	GlobalSection(ExtensibilityGlobals) = postSolution
		SolutionGuid = {9C07B2D1-88D4-4DC2-9C56-7BA670C44CC6}
	EndGlobalSection
EndGlobal
